// !$*UTF8*$!
{
	archiveVersion = 1;
	classes = {
	};
	objectVersion = 55;
	objects = {

/* Begin PBXBuildFile section */
		FA6FD1EF28A52A02007520A0 /* NetworkService.swift in Sources */ = {isa = PBXBuildFile; fileRef = FA6FD1EE28A52A02007520A0 /* NetworkService.swift */; };
		FA770EE528A51A8C00AEC8D3 /* AppDelegate.swift in Sources */ = {isa = PBXBuildFile; fileRef = FA770EE428A51A8C00AEC8D3 /* AppDelegate.swift */; };
		FA770EE728A51A8C00AEC8D3 /* SceneDelegate.swift in Sources */ = {isa = PBXBuildFile; fileRef = FA770EE628A51A8C00AEC8D3 /* SceneDelegate.swift */; };
		FA770EE928A51A8C00AEC8D3 /* FirstPageViewController.swift in Sources */ = {isa = PBXBuildFile; fileRef = FA770EE828A51A8C00AEC8D3 /* FirstPageViewController.swift */; };
		FA770EEC28A51A8C00AEC8D3 /* Main.storyboard in Resources */ = {isa = PBXBuildFile; fileRef = FA770EEA28A51A8C00AEC8D3 /* Main.storyboard */; };
		FA770EEE28A51A8E00AEC8D3 /* Assets.xcassets in Resources */ = {isa = PBXBuildFile; fileRef = FA770EED28A51A8E00AEC8D3 /* Assets.xcassets */; };
		FA770EF128A51A8E00AEC8D3 /* LaunchScreen.storyboard in Resources */ = {isa = PBXBuildFile; fileRef = FA770EEF28A51A8E00AEC8D3 /* LaunchScreen.storyboard */; };
		FA770EFA28A51AE300AEC8D3 /* SecondPageViewController.swift in Sources */ = {isa = PBXBuildFile; fileRef = FA770EF928A51AE300AEC8D3 /* SecondPageViewController.swift */; };
		FA770F0028A51CF500AEC8D3 /* CountryCell.swift in Sources */ = {isa = PBXBuildFile; fileRef = FA770EFE28A51CF500AEC8D3 /* CountryCell.swift */; };
		FA770F0128A51CF500AEC8D3 /* CountryCell.xib in Resources */ = {isa = PBXBuildFile; fileRef = FA770EFF28A51CF500AEC8D3 /* CountryCell.xib */; };
		FA770F0628A51D7A00AEC8D3 /* Country.swift in Sources */ = {isa = PBXBuildFile; fileRef = FA770F0528A51D7A00AEC8D3 /* Country.swift */; };
/* End PBXBuildFile section */

/* Begin PBXFileReference section */
		FA6FD1EE28A52A02007520A0 /* NetworkService.swift */ = {isa = PBXFileReference; lastKnownFileType = sourcecode.swift; path = NetworkService.swift; sourceTree = "<group>"; };
		FA770EE128A51A8C00AEC8D3 /* Elene_Kapanadze_21.app */ = {isa = PBXFileReference; explicitFileType = wrapper.application; includeInIndex = 0; path = Elene_Kapanadze_21.app; sourceTree = BUILT_PRODUCTS_DIR; };
		FA770EE428A51A8C00AEC8D3 /* AppDelegate.swift */ = {isa = PBXFileReference; lastKnownFileType = sourcecode.swift; path = AppDelegate.swift; sourceTree = "<group>"; };
		FA770EE628A51A8C00AEC8D3 /* SceneDelegate.swift */ = {isa = PBXFileReference; lastKnownFileType = sourcecode.swift; path = SceneDelegate.swift; sourceTree = "<group>"; };
		FA770EE828A51A8C00AEC8D3 /* FirstPageViewController.swift */ = {isa = PBXFileReference; lastKnownFileType = sourcecode.swift; path = FirstPageViewController.swift; sourceTree = "<group>"; };
		FA770EEB28A51A8C00AEC8D3 /* Base */ = {isa = PBXFileReference; lastKnownFileType = file.storyboard; name = Base; path = Base.lproj/Main.storyboard; sourceTree = "<group>"; };
		FA770EED28A51A8E00AEC8D3 /* Assets.xcassets */ = {isa = PBXFileReference; lastKnownFileType = folder.assetcatalog; path = Assets.xcassets; sourceTree = "<group>"; };
		FA770EF028A51A8E00AEC8D3 /* Base */ = {isa = PBXFileReference; lastKnownFileType = file.storyboard; name = Base; path = Base.lproj/LaunchScreen.storyboard; sourceTree = "<group>"; };
		FA770EF228A51A8E00AEC8D3 /* Info.plist */ = {isa = PBXFileReference; lastKnownFileType = text.plist.xml; path = Info.plist; sourceTree = "<group>"; };
		FA770EF928A51AE300AEC8D3 /* SecondPageViewController.swift */ = {isa = PBXFileReference; lastKnownFileType = sourcecode.swift; path = SecondPageViewController.swift; sourceTree = "<group>"; };
		FA770EFE28A51CF500AEC8D3 /* CountryCell.swift */ = {isa = PBXFileReference; lastKnownFileType = sourcecode.swift; path = CountryCell.swift; sourceTree = "<group>"; };
		FA770EFF28A51CF500AEC8D3 /* CountryCell.xib */ = {isa = PBXFileReference; lastKnownFileType = file.xib; path = CountryCell.xib; sourceTree = "<group>"; };
		FA770F0528A51D7A00AEC8D3 /* Country.swift */ = {isa = PBXFileReference; lastKnownFileType = sourcecode.swift; path = Country.swift; sourceTree = "<group>"; };
/* End PBXFileReference section */

/* Begin PBXFrameworksBuildPhase section */
		FA770EDE28A51A8C00AEC8D3 /* Frameworks */ = {
			isa = PBXFrameworksBuildPhase;
			buildActionMask = 2147483647;
			files = (
			);
			runOnlyForDeploymentPostprocessing = 0;
		};
/* End PBXFrameworksBuildPhase section */

/* Begin PBXGroup section */
		FA6FD1ED28A52954007520A0 /* NetworkServices */ = {
			isa = PBXGroup;
			children = (
				FA6FD1EE28A52A02007520A0 /* NetworkService.swift */,
			);
			path = NetworkServices;
			sourceTree = "<group>";
		};
		FA770ED828A51A8B00AEC8D3 = {
			isa = PBXGroup;
			children = (
				FA770EE328A51A8C00AEC8D3 /* Elene_Kapanadze_21 */,
				FA770EE228A51A8C00AEC8D3 /* Products */,
			);
			sourceTree = "<group>";
		};
		FA770EE228A51A8C00AEC8D3 /* Products */ = {
			isa = PBXGroup;
			children = (
				FA770EE128A51A8C00AEC8D3 /* Elene_Kapanadze_21.app */,
			);
			name = Products;
			sourceTree = "<group>";
		};
		FA770EE328A51A8C00AEC8D3 /* Elene_Kapanadze_21 */ = {
			isa = PBXGroup;
			children = (
				FA770F0428A51D2800AEC8D3 /* Models */,
				FA770EFD28A51CC600AEC8D3 /* CustomCells */,
				FA770EF828A51ACA00AEC8D3 /* ViewControllers */,
				FA6FD1ED28A52954007520A0 /* NetworkServices */,
				FA770EE428A51A8C00AEC8D3 /* AppDelegate.swift */,
				FA770EE628A51A8C00AEC8D3 /* SceneDelegate.swift */,
				FA770EEA28A51A8C00AEC8D3 /* Main.storyboard */,
				FA770EED28A51A8E00AEC8D3 /* Assets.xcassets */,
				FA770EEF28A51A8E00AEC8D3 /* LaunchScreen.storyboard */,
				FA770EF228A51A8E00AEC8D3 /* Info.plist */,
			);
			path = Elene_Kapanadze_21;
			sourceTree = "<group>";
		};
		FA770EF828A51ACA00AEC8D3 /* ViewControllers */ = {
			isa = PBXGroup;
			children = (
				FA770EE828A51A8C00AEC8D3 /* FirstPageViewController.swift */,
				FA770EF928A51AE300AEC8D3 /* SecondPageViewController.swift */,
			);
			path = ViewControllers;
			sourceTree = "<group>";
		};
		FA770EFD28A51CC600AEC8D3 /* CustomCells */ = {
			isa = PBXGroup;
			children = (
				FA770F0328A51D0D00AEC8D3 /* CountryCell */,
			);
			path = CustomCells;
			sourceTree = "<group>";
		};
		FA770F0328A51D0D00AEC8D3 /* CountryCell */ = {
			isa = PBXGroup;
			children = (
				FA770EFE28A51CF500AEC8D3 /* CountryCell.swift */,
				FA770EFF28A51CF500AEC8D3 /* CountryCell.xib */,
			);
			path = CountryCell;
			sourceTree = "<group>";
		};
		FA770F0428A51D2800AEC8D3 /* Models */ = {
			isa = PBXGroup;
			children = (
				FA770F0528A51D7A00AEC8D3 /* Country.swift */,
			);
			path = Models;
			sourceTree = "<group>";
		};
/* End PBXGroup section */

/* Begin PBXNativeTarget section */
		FA770EE028A51A8C00AEC8D3 /* Elene_Kapanadze_21 */ = {
			isa = PBXNativeTarget;
			buildConfigurationList = FA770EF528A51A8E00AEC8D3 /* Build configuration list for PBXNativeTarget "Elene_Kapanadze_21" */;
			buildPhases = (
				FA770EDD28A51A8C00AEC8D3 /* Sources */,
				FA770EDE28A51A8C00AEC8D3 /* Frameworks */,
				FA770EDF28A51A8C00AEC8D3 /* Resources */,
			);
			buildRules = (
			);
			dependencies = (
			);
			name = Elene_Kapanadze_21;
			productName = Elene_Kapanadze_21;
			productReference = FA770EE128A51A8C00AEC8D3 /* Elene_Kapanadze_21.app */;
			productType = "com.apple.product-type.application";
		};
/* End PBXNativeTarget section */

/* Begin PBXProject section */
		FA770ED928A51A8B00AEC8D3 /* Project object */ = {
			isa = PBXProject;
			attributes = {
				BuildIndependentTargetsInParallel = 1;
				LastSwiftUpdateCheck = 1330;
				LastUpgradeCheck = 1330;
				TargetAttributes = {
					FA770EE028A51A8C00AEC8D3 = {
						CreatedOnToolsVersion = 13.3;
					};
				};
			};
			buildConfigurationList = FA770EDC28A51A8B00AEC8D3 /* Build configuration list for PBXProject "Elene_Kapanadze_21" */;
			compatibilityVersion = "Xcode 13.0";
			developmentRegion = en;
			hasScannedForEncodings = 0;
			knownRegions = (
				en,
				Base,
			);
			mainGroup = FA770ED828A51A8B00AEC8D3;
			productRefGroup = FA770EE228A51A8C00AEC8D3 /* Products */;
			projectDirPath = "";
			projectRoot = "";
			targets = (
				FA770EE028A51A8C00AEC8D3 /* Elene_Kapanadze_21 */,
			);
		};
/* End PBXProject section */

/* Begin PBXResourcesBuildPhase section */
		FA770EDF28A51A8C00AEC8D3 /* Resources */ = {
			isa = PBXResourcesBuildPhase;
			buildActionMask = 2147483647;
			files = (
				FA770F0128A51CF500AEC8D3 /* CountryCell.xib in Resources */,
				FA770EF128A51A8E00AEC8D3 /* LaunchScreen.storyboard in Resources */,
				FA770EEE28A51A8E00AEC8D3 /* Assets.xcassets in Resources */,
				FA770EEC28A51A8C00AEC8D3 /* Main.storyboard in Resources */,
			);
			runOnlyForDeploymentPostprocessing = 0;
		};
/* End PBXResourcesBuildPhase section */

/* Begin PBXSourcesBuildPhase section */
		FA770EDD28A51A8C00AEC8D3 /* Sources */ = {
			isa = PBXSourcesBuildPhase;
			buildActionMask = 2147483647;
			files = (
				FA770EE928A51A8C00AEC8D3 /* FirstPageViewController.swift in Sources */,
				FA770EFA28A51AE300AEC8D3 /* SecondPageViewController.swift in Sources */,
				FA770F0028A51CF500AEC8D3 /* CountryCell.swift in Sources */,
				FA770EE528A51A8C00AEC8D3 /* AppDelegate.swift in Sources */,
				FA770F0628A51D7A00AEC8D3 /* Country.swift in Sources */,
				FA770EE728A51A8C00AEC8D3 /* SceneDelegate.swift in Sources */,
				FA6FD1EF28A52A02007520A0 /* NetworkService.swift in Sources */,
			);
			runOnlyForDeploymentPostprocessing = 0;
		};
/* End PBXSourcesBuildPhase section */

/* Begin PBXVariantGroup section */
		FA770EEA28A51A8C00AEC8D3 /* Main.storyboard */ = {
			isa = PBXVariantGroup;
			children = (
				FA770EEB28A51A8C00AEC8D3 /* Base */,
			);
			name = Main.storyboard;
			sourceTree = "<group>";
		};
		FA770EEF28A51A8E00AEC8D3 /* LaunchScreen.storyboard */ = {
			isa = PBXVariantGroup;
			children = (
				FA770EF028A51A8E00AEC8D3 /* Base */,
			);
			name = LaunchScreen.storyboard;
			sourceTree = "<group>";
		};
/* End PBXVariantGroup section */

/* Begin XCBuildConfiguration section */
		FA770EF328A51A8E00AEC8D3 /* Debug */ = {
			isa = XCBuildConfiguration;
			buildSettings = {
				ALWAYS_SEARCH_USER_PATHS = NO;
				CLANG_ANALYZER_NONNULL = YES;
				CLANG_ANALYZER_NUMBER_OBJECT_CONVERSION = YES_AGGRESSIVE;
				CLANG_CXX_LANGUAGE_STANDARD = "gnu++17";
				CLANG_ENABLE_MODULES = YES;
				CLANG_ENABLE_OBJC_ARC = YES;
				CLANG_ENABLE_OBJC_WEAK = YES;
				CLANG_WARN_BLOCK_CAPTURE_AUTORELEASING = YES;
				CLANG_WARN_BOOL_CONVERSION = YES;
				CLANG_WARN_COMMA = YES;
				CLANG_WARN_CONSTANT_CONVERSION = YES;
				CLANG_WARN_DEPRECATED_OBJC_IMPLEMENTATIONS = YES;
				CLANG_WARN_DIRECT_OBJC_ISA_USAGE = YES_ERROR;
				CLANG_WARN_DOCUMENTATION_COMMENTS = YES;
				CLANG_WARN_EMPTY_BODY = YES;
				CLANG_WARN_ENUM_CONVERSION = YES;
				CLANG_WARN_INFINITE_RECURSION = YES;
				CLANG_WARN_INT_CONVERSION = YES;
				CLANG_WARN_NON_LITERAL_NULL_CONVERSION = YES;
				CLANG_WARN_OBJC_IMPLICIT_RETAIN_SELF = YES;
				CLANG_WARN_OBJC_LITERAL_CONVERSION = YES;
				CLANG_WARN_OBJC_ROOT_CLASS = YES_ERROR;
				CLANG_WARN_QUOTED_INCLUDE_IN_FRAMEWORK_HEADER = YES;
				CLANG_WARN_RANGE_LOOP_ANALYSIS = YES;
				CLANG_WARN_STRICT_PROTOTYPES = YES;
				CLANG_WARN_SUSPICIOUS_MOVE = YES;
				CLANG_WARN_UNGUARDED_AVAILABILITY = YES_AGGRESSIVE;
				CLANG_WARN_UNREACHABLE_CODE = YES;
				CLANG_WARN__DUPLICATE_METHOD_MATCH = YES;
				COPY_PHASE_STRIP = NO;
				DEBUG_INFORMATION_FORMAT = dwarf;
				ENABLE_STRICT_OBJC_MSGSEND = YES;
				ENABLE_TESTABILITY = YES;
				GCC_C_LANGUAGE_STANDARD = gnu11;
				GCC_DYNAMIC_NO_PIC = NO;
				GCC_NO_COMMON_BLOCKS = YES;
				GCC_OPTIMIZATION_LEVEL = 0;
				GCC_PREPROCESSOR_DEFINITIONS = (
					"DEBUG=1",
					"$(inherited)",
				);
				GCC_WARN_64_TO_32_BIT_CONVERSION = YES;
				GCC_WARN_ABOUT_RETURN_TYPE = YES_ERROR;
				GCC_WARN_UNDECLARED_SELECTOR = YES;
				GCC_WARN_UNINITIALIZED_AUTOS = YES_AGGRESSIVE;
				GCC_WARN_UNUSED_FUNCTION = YES;
				GCC_WARN_UNUSED_VARIABLE = YES;
				IPHONEOS_DEPLOYMENT_TARGET = 15.4;
				MTL_ENABLE_DEBUG_INFO = INCLUDE_SOURCE;
				MTL_FAST_MATH = YES;
				ONLY_ACTIVE_ARCH = YES;
				SDKROOT = iphoneos;
				SWIFT_ACTIVE_COMPILATION_CONDITIONS = DEBUG;
				SWIFT_OPTIMIZATION_LEVEL = "-Onone";
			};
			name = Debug;
		};
		FA770EF428A51A8E00AEC8D3 /* Release */ = {
			isa = XCBuildConfiguration;
			buildSettings = {
				ALWAYS_SEARCH_USER_PATHS = NO;
				CLANG_ANALYZER_NONNULL = YES;
				CLANG_ANALYZER_NUMBER_OBJECT_CONVERSION = YES_AGGRESSIVE;
				CLANG_CXX_LANGUAGE_STANDARD = "gnu++17";
				CLANG_ENABLE_MODULES = YES;
				CLANG_ENABLE_OBJC_ARC = YES;
				CLANG_ENABLE_OBJC_WEAK = YES;
				CLANG_WARN_BLOCK_CAPTURE_AUTORELEASING = YES;
				CLANG_WARN_BOOL_CONVERSION = YES;
				CLANG_WARN_COMMA = YES;
				CLANG_WARN_CONSTANT_CONVERSION = YES;
				CLANG_WARN_DEPRECATED_OBJC_IMPLEMENTATIONS = YES;
				CLANG_WARN_DIRECT_OBJC_ISA_USAGE = YES_ERROR;
				CLANG_WARN_DOCUMENTATION_COMMENTS = YES;
				CLANG_WARN_EMPTY_BODY = YES;
				CLANG_WARN_ENUM_CONVERSION = YES;
				CLANG_WARN_INFINITE_RECURSION = YES;
				CLANG_WARN_INT_CONVERSION = YES;
				CLANG_WARN_NON_LITERAL_NULL_CONVERSION = YES;
				CLANG_WARN_OBJC_IMPLICIT_RETAIN_SELF = YES;
				CLANG_WARN_OBJC_LITERAL_CONVERSION = YES;
				CLANG_WARN_OBJC_ROOT_CLASS = YES_ERROR;
				CLANG_WARN_QUOTED_INCLUDE_IN_FRAMEWORK_HEADER = YES;
				CLANG_WARN_RANGE_LOOP_ANALYSIS = YES;
				CLANG_WARN_STRICT_PROTOTYPES = YES;
				CLANG_WARN_SUSPICIOUS_MOVE = YES;
				CLANG_WARN_UNGUARDED_AVAILABILITY = YES_AGGRESSIVE;
				CLANG_WARN_UNREACHABLE_CODE = YES;
				CLANG_WARN__DUPLICATE_METHOD_MATCH = YES;
				COPY_PHASE_STRIP = NO;
				DEBUG_INFORMATION_FORMAT = "dwarf-with-dsym";
				ENABLE_NS_ASSERTIONS = NO;
				ENABLE_STRICT_OBJC_MSGSEND = YES;
				GCC_C_LANGUAGE_STANDARD = gnu11;
				GCC_NO_COMMON_BLOCKS = YES;
				GCC_WARN_64_TO_32_BIT_CONVERSION = YES;
				GCC_WARN_ABOUT_RETURN_TYPE = YES_ERROR;
				GCC_WARN_UNDECLARED_SELECTOR = YES;
				GCC_WARN_UNINITIALIZED_AUTOS = YES_AGGRESSIVE;
				GCC_WARN_UNUSED_FUNCTION = YES;
				GCC_WARN_UNUSED_VARIABLE = YES;
				IPHONEOS_DEPLOYMENT_TARGET = 15.4;
				MTL_ENABLE_DEBUG_INFO = NO;
				MTL_FAST_MATH = YES;
				SDKROOT = iphoneos;
				SWIFT_COMPILATION_MODE = wholemodule;
				SWIFT_OPTIMIZATION_LEVEL = "-O";
				VALIDATE_PRODUCT = YES;
			};
			name = Release;
		};
		FA770EF628A51A8E00AEC8D3 /* Debug */ = {
			isa = XCBuildConfiguration;
			buildSettings = {
				ASSETCATALOG_COMPILER_APPICON_NAME = AppIcon;
				ASSETCATALOG_COMPILER_GLOBAL_ACCENT_COLOR_NAME = AccentColor;
				CODE_SIGN_STYLE = Automatic;
				CURRENT_PROJECT_VERSION = 1;
				GENERATE_INFOPLIST_FILE = YES;
				INFOPLIST_FILE = Elene_Kapanadze_21/Info.plist;
				INFOPLIST_KEY_UIApplicationSupportsIndirectInputEvents = YES;
				INFOPLIST_KEY_UILaunchStoryboardName = LaunchScreen;
				INFOPLIST_KEY_UIMainStoryboardFile = Main;
				INFOPLIST_KEY_UISupportedInterfaceOrientations_iPad = "UIInterfaceOrientationPortrait UIInterfaceOrientationPortraitUpsideDown UIInterfaceOrientationLandscapeLeft UIInterfaceOrientationLandscapeRight";
				INFOPLIST_KEY_UISupportedInterfaceOrientations_iPhone = "UIInterfaceOrientationPortrait UIInterfaceOrientationLandscapeLeft UIInterfaceOrientationLandscapeRight";
				LD_RUNPATH_SEARCH_PATHS = (
					"$(inherited)",
					"@executable_path/Frameworks",
				);
				MARKETING_VERSION = 1.0;
				PRODUCT_BUNDLE_IDENTIFIER = "ge.kapi.Elene-Kapanadze-21";
				PRODUCT_NAME = "$(TARGET_NAME)";
				SWIFT_EMIT_LOC_STRINGS = YES;
				SWIFT_VERSION = 5.0;
				TARGETED_DEVICE_FAMILY = "1,2";
			};
			name = Debug;
		};
		FA770EF728A51A8E00AEC8D3 /* Release */ = {
			isa = XCBuildConfiguration;
			buildSettings = {
				ASSETCATALOG_COMPILER_APPICON_NAME = AppIcon;
				ASSETCATALOG_COMPILER_GLOBAL_ACCENT_COLOR_NAME = AccentColor;
				CODE_SIGN_STYLE = Automatic;
				CURRENT_PROJECT_VERSION = 1;
				GENERATE_INFOPLIST_FILE = YES;
				INFOPLIST_FILE = Elene_Kapanadze_21/Info.plist;
				INFOPLIST_KEY_UIApplicationSupportsIndirectInputEvents = YES;
				INFOPLIST_KEY_UILaunchStoryboardName = LaunchScreen;
				INFOPLIST_KEY_UIMainStoryboardFile = Main;
				INFOPLIST_KEY_UISupportedInterfaceOrientations_iPad = "UIInterfaceOrientationPortrait UIInterfaceOrientationPortraitUpsideDown UIInterfaceOrientationLandscapeLeft UIInterfaceOrientationLandscapeRight";
				INFOPLIST_KEY_UISupportedInterfaceOrientations_iPhone = "UIInterfaceOrientationPortrait UIInterfaceOrientationLandscapeLeft UIInterfaceOrientationLandscapeRight";
				LD_RUNPATH_SEARCH_PATHS = (
					"$(inherited)",
					"@executable_path/Frameworks",
				);
				MARKETING_VERSION = 1.0;
				PRODUCT_BUNDLE_IDENTIFIER = "ge.kapi.Elene-Kapanadze-21";
				PRODUCT_NAME = "$(TARGET_NAME)";
				SWIFT_EMIT_LOC_STRINGS = YES;
				SWIFT_VERSION = 5.0;
				TARGETED_DEVICE_FAMILY = "1,2";
			};
			name = Release;
		};
/* End XCBuildConfiguration section */

/* Begin XCConfigurationList section */
		FA770EDC28A51A8B00AEC8D3 /* Build configuration list for PBXProject "Elene_Kapanadze_21" */ = {
			isa = XCConfigurationList;
			buildConfigurations = (
				FA770EF328A51A8E00AEC8D3 /* Debug */,
				FA770EF428A51A8E00AEC8D3 /* Release */,
			);
			defaultConfigurationIsVisible = 0;
			defaultConfigurationName = Release;
		};
		FA770EF528A51A8E00AEC8D3 /* Build configuration list for PBXNativeTarget "Elene_Kapanadze_21" */ = {
			isa = XCConfigurationList;
			buildConfigurations = (
				FA770EF628A51A8E00AEC8D3 /* Debug */,
				FA770EF728A51A8E00AEC8D3 /* Release */,
			);
			defaultConfigurationIsVisible = 0;
			defaultConfigurationName = Release;
		};
/* End XCConfigurationList section */
	};
	rootObject = FA770ED928A51A8B00AEC8D3 /* Project object */;
}
